
Microsoft Visual Studio Solution File, Format Version 12.00
# Visual Studio 14
VisualStudioVersion = 14.0.25123.0
MinimumVisualStudioVersion = 10.0.40219.1
Project("{FAE04EC0-301F-11D3-BF4B-00C04F79EFBC}") = "Manager", "Engine\Manager.csproj", "{64F14C7B-AA1E-4154-BB71-A1B67E6B5E26}"
EndProject
Project("{FAE04EC0-301F-11D3-BF4B-00C04F79EFBC}") = "CG_lab3", "CG_lab3\CG_lab3.csproj", "{3FBBABBA-186A-47C7-8E85-F15CF3EA9851}"
EndProject
Global
	GlobalSection(SubversionScc) = preSolution
		Svn-Managed = True
		Manager = AnkhSVN - Subversion Support for Visual Studio
	EndGlobalSection
	GlobalSection(SolutionConfigurationPlatforms) = preSolution
		Debug|Any CPU = Debug|Any CPU
		Release|Any CPU = Release|Any CPU
	EndGlobalSection
	GlobalSection(ProjectConfigurationPlatforms) = postSolution
		{64F14C7B-AA1E-4154-BB71-A1B67E6B5E26}.Debug|Any CPU.ActiveCfg = Debug|Any CPU
		{64F14C7B-AA1E-4154-BB71-A1B67E6B5E26}.Debug|Any CPU.Build.0 = Debug|Any CPU
		{64F14C7B-AA1E-4154-BB71-A1B67E6B5E26}.Release|Any CPU.ActiveCfg = Release|Any CPU
		{64F14C7B-AA1E-4154-BB71-A1B67E6B5E26}.Release|Any CPU.Build.0 = Release|Any CPU
		{3FBBABBA-186A-47C7-8E85-F15CF3EA9851}.Debug|Any CPU.ActiveCfg = Debug|Any CPU
		{3FBBABBA-186A-47C7-8E85-F15CF3EA9851}.Debug|Any CPU.Build.0 = Debug|Any CPU
		{3FBBABBA-186A-47C7-8E85-F15CF3EA9851}.Release|Any CPU.ActiveCfg = Release|Any CPU
		{3FBBABBA-186A-47C7-8E85-F15CF3EA9851}.Release|Any CPU.Build.0 = Release|Any CPU
	EndGlobalSection
	GlobalSection(SolutionProperties) = preSolution
		HideSolutionNode = FALSE
	EndGlobalSection
EndGlobal
